
Microsoft Visual Studio Solution File, Format Version 12.00
# Visual Studio Version 17
VisualStudioVersion = 17.0.32112.339
MinimumVisualStudioVersion = 10.0.40219.1
Project("{9A19103F-16F7-4668-BE54-9A1E7A4F7556}") = "Ejercicios", "Ejercicios\Ejercicios.csproj", "{662023CD-BDEC-4CFC-A565-0D24CB7386FC}"
EndProject
Project("{FAE04EC0-301F-11D3-BF4B-00C04F79EFBC}") = "Ejercicio3", "Ejercicio3\Ejercicio3.csproj", "{5FDCB5EF-15EB-40CB-8F76-EE72D53AD9F4}"
EndProject
Global
	GlobalSection(SolutionConfigurationPlatforms) = preSolution
		Debug|Any CPU = Debug|Any CPU
		Release|Any CPU = Release|Any CPU
	EndGlobalSection
	GlobalSection(ProjectConfigurationPlatforms) = postSolution
		{662023CD-BDEC-4CFC-A565-0D24CB7386FC}.Debug|Any CPU.ActiveCfg = Debug|Any CPU
		{662023CD-BDEC-4CFC-A565-0D24CB7386FC}.Debug|Any CPU.Build.0 = Debug|Any CPU
		{662023CD-BDEC-4CFC-A565-0D24CB7386FC}.Release|Any CPU.ActiveCfg = Release|Any CPU
		{662023CD-BDEC-4CFC-A565-0D24CB7386FC}.Release|Any CPU.Build.0 = Release|Any CPU
		{5FDCB5EF-15EB-40CB-8F76-EE72D53AD9F4}.Debug|Any CPU.ActiveCfg = Debug|Any CPU
		{5FDCB5EF-15EB-40CB-8F76-EE72D53AD9F4}.Debug|Any CPU.Build.0 = Debug|Any CPU
		{5FDCB5EF-15EB-40CB-8F76-EE72D53AD9F4}.Release|Any CPU.ActiveCfg = Release|Any CPU
		{5FDCB5EF-15EB-40CB-8F76-EE72D53AD9F4}.Release|Any CPU.Build.0 = Release|Any CPU
	EndGlobalSection
	GlobalSection(SolutionProperties) = preSolution
		HideSolutionNode = FALSE
	EndGlobalSection
	GlobalSection(ExtensibilityGlobals) = postSolution
		SolutionGuid = {F6C1BF93-00D3-4555-BF56-5F4411CBE2DA}
	EndGlobalSection
EndGlobal
